github.com/aymanbagabas/go-osc52/v2 v2.0.1 h1:HwpRHbFMcZLEVr42D4p7XBqjyuxQH5SMiErDT4WkJ2k=
github.com/aymanbagabas/go-osc52/v2 v2.0.1/go.mod h1:uYgXzlJ7ZpABp8OJ+exZzJJhRNQ2ASbcXHWsFqH8hp8=
github.com/charmbracelet/colorprofile v0.3.3 h1:DjJzJtLP6/NZ8p7Cgjno0CKGr7wwRJGxWUwh2IyhfAI=
github.com/charmbracelet/colorprofile v0.3.3/go.mod h1:nB1FugsAbzq284eJcjfah2nhdSLppN2NqvfotkfRYP4=
github.com/charmbracelet/lipgloss v1.1.0 h1:vYXsiLHVkK7fp74RkV7b2kq9+zDLoEU4MZoFqR/noCY=
github.com/charmbracelet/lipgloss v1.1.0/go.mod h1:/6Q8FR2o+kj8rz4Dq0zQc3vYf7X+B0binUUBwA0aL30=
github.com/charmbracelet/log v0.4.2 h1:hYt8Qj6a8yLnvR+h7MwsJv/XvmBJXiueUcI3cIxsyig=
github.com/charmbracelet/log v0.4.2/go.mod h1:qifHGX/tc7eluv2R6pWIpyHDDrrb/AG71Pf2ysQu5nw=
github.com/charmbracelet/x/ansi v0.11.0 h1:uuIVK7GIplwX6UBIz8S2TF8nkr7xRlygSsBRjSJqIvA=
github.com/charmbracelet/x/ansi v0.11.0/go.mod h1:uQt8bOrq/xgXjlGcFMc8U2WYbnxyjrKhnvTQluvfCaE=
github.com/charmbracelet/x/cellbuf v0.0.14 h1:iUEMryGyFTelKW3THW4+FfPgi4fkmKnnaLOXuc+/Kj4=
github.com/charmbracelet/x/cellbuf v0.0.14/go.mod h1:P447lJl49ywBbil/KjCk2HexGh4tEY9LH0/1QrZZ9rA=
github.com/charmbracelet/x/term v0.2.2 h1:xVRT/S2ZcKdhhOuSP4t5cLi5o+JxklsoEObBSgfgZRk=
github.com/charmbracelet/x/term v0.2.2/go.mod h1:kF8CY5RddLWrsgVwpw4kAa6TESp6EB5y3uxGLeCqzAI=
github.com/clipperhouse/displaywidth v0.5.0 h1:AIG5vQaSL2EKqzt0M9JMnvNxOCRTKUc4vUnLWGgP89I=
github.com/clipperhouse/displaywidth v0.5.0/go.mod h1:R+kHuzaYWFkTm7xoMmK1lFydbci4X2CicfbGstSGg0o=
github.com/clipperhouse/stringish v0.1.1 h1:+NSqMOr3GR6k1FdRhhnXrLfztGzuG+VuFDfatpWHKCs=
github.com/clipperhouse/stringish v0.1.1/go.mod h1:v/WhFtE1q0ovMta2+m+UbpZ+2/HEXNWYXQgCt4hdOzA=
github.com/clipperhouse/uax29/v2 v2.3.0 h1:SNdx9DVUqMoBuBoW3iLOj4FQv3dN5mDtuqwuhIGpJy4=
github.com/clipperhouse/uax29/v2 v2.3.0/go.mod h1:Wn1g7MK6OoeDT0vL+Q0SQLDz/KpfsVRgg6W7ihQeh4g=
github.com/davecgh/go-spew v1.1.1 h1:vj9j/u1bqnvCEfJOwUhtlOARqs3+rkHYY13jYWTU97c=
github.com/davecgh/go-spew v1.1.1/go.mod h1:J7Y8YcW2NihsgmVo/mv3lAwl/skON4iLHjSsI+c5H38=
github.com/disgoorg/disgo v0.19.0-rc.12 h1:L9SC2RB9qNkrhvK+ow/MkvyU9EpxeTTR8P+A5KK88Ig=
github.com/disgoorg/disgo v0.19.0-rc.12/go.mod h1:JORF6o1leAHEo1bv2SKe0zTuUMhreIj3a7lCF025Te0=
github.com/disgoorg/ffmpeg-audio v0.0.0-20250829163925-73409e4eab51 h1:joYQ69BMEA1jqr7QcVmdig/hUG8UPiMHzF3vnrrNEDQ=
github.com/disgoorg/ffmpeg-audio v0.0.0-20250829163925-73409e4eab51/go.mod h1:zhonJ+EFEeTp4WP0sfZg5p+c2z9xhZbQ4QZ/rD1AxRc=
github.com/disgoorg/json/v2 v2.0.0 h1:U16yy/ARK7/aEpzjjqK1b/KaqqGHozUdeVw/DViEzQI=
github.com/disgoorg/json/v2 v2.0.0/go.mod h1:jZTBC0nIE1WeetSEI3/Dka8g+qglb4FPVmp5I5HpEfI=
github.com/disgoorg/omit v1.0.0 h1:y0LkVUOyUHT8ZlnhIAeOZEA22UYykeysK8bLJ0SfT78=
github.com/disgoorg/omit v1.0.0/go.mod h1:RTmSARkf6PWT/UckwI0bV8XgWkWQoPppaT01rYKLcFQ=
github.com/disgoorg/snowflake/v2 v2.0.3 h1:3B+PpFjr7j4ad7oeJu4RlQ+nYOTadsKapJIzgvSI2Ro=
github.com/disgoorg/snowflake/v2 v2.0.3/go.mod h1:W6r7NUA7DwfZLwr00km6G4UnZ0zcoLBRufhkFWgAc4c=
github.com/go-logfmt/logfmt v0.6.1 h1:4hvbpePJKnIzH1B+8OR/JPbTx37NktoI9LE2QZBBkvE=
github.com/go-logfmt/logfmt v0.6.1/go.mod h1:EV2pOAQoZaT1ZXZbqDl5hrymndi4SY9ED9/z6CO0XAk=
github.com/google/go-cmp v0.7.0 h1:wk8382ETsv4JYUZwIsn6YpYiWiBsYLSJiTsyBybVuN8=
github.com/google/go-cmp v0.7.0/go.mod h1:pXiqmnSA92OHEEa9HXL2W4E7lf9JzCmGVUdgjX3N/iU=
github.com/gorilla/websocket v1.5.3 h1:saDtZ6Pbx/0u+bgYQ3q96pZgCzfhKXGPqt7kZ72aNNg=
github.com/gorilla/websocket v1.5.3/go.mod h1:YR8l580nyteQvAITg2hZ9XVh4b55+EU/adAjf1fMHhE=
github.com/joho/godotenv v1.5.1 h1:7eLL/+HRGLY0ldzfGMeQkb7vMd0as4CfYvUVzLqw0N0=
github.com/joho/godotenv v1.5.1/go.mod h1:f4LDr5Voq0i2e/R5DDNOoa2zzDfwtkZa6DnEwAbqwq4=
github.com/jonas747/ogg v0.0.0-20161220051205-b4f6f4cf3757 h1:Kyv+zTfWIGRNaz/4+lS+CxvuKVZSKFz/6G8E3BKKBRs=
github.com/jonas747/ogg v0.0.0-20161220051205-b4f6f4cf3757/go.mod h1:cZnNmdLiLpihzgIVqiaQppi9Ts3D4qF/M45//yW35nI=
github.com/klauspost/compress v1.18.1 h1:bcSGx7UbpBqMChDtsF28Lw6v/G94LPrrbMbdC3JH2co=
github.com/klauspost/compress v1.18.1/go.mod h1:ZQFFVG+MdnR0P+l6wpXgIL4NTtwiKIdBnrBd8Nrxr+0=
github.com/lucasb-eyer/go-colorful v1.3.0 h1:2/yBRLdWBZKrf7gB40FoiKfAWYQ0lqNcbuQwVHXptag=
github.com/lucasb-eyer/go-colorful v1.3.0/go.mod h1:R4dSotOR9KMtayYi1e77YzuveK+i7ruzyGqttikkLy0=
github.com/mattn/go-isatty v0.0.20 h1:xfD0iDuEKnDkl03q4limB+vH+GxLEtL/jb4xVJSWWEY=
github.com/mattn/go-isatty v0.0.20/go.mod h1:W+V8PltTTMOvKvAeJH7IuucS94S2C6jfK/D7dTCTo3Y=
github.com/mattn/go-runewidth v0.0.19 h1:v++JhqYnZuu5jSKrk9RbgF5v4CGUjqRfBm05byFGLdw=
github.com/mattn/go-runewidth v0.0.19/go.mod h1:XBkDxAl56ILZc9knddidhrOlY5R/pDhgLpndooCuJAs=
github.com/muesli/termenv v0.16.0 h1:S5AlUN9dENB57rsbnkPyfdGuWIlkmzJjbFf0Tf5FWUc=
github.com/muesli/termenv v0.16.0/go.mod h1:ZRfOIKPFDYQoDFF4Olj7/QJbW60Ol/kL1pU3VfY/Cnk=
github.com/pmezard/go-difflib v1.0.0 h1:4DBwDE0NGyQoBHbLQYPwSUPoCMWR5BEzIk/f1lZbAQM=
github.com/pmezard/go-difflib v1.0.0/go.mod h1:iKH77koFhYxTK1pcRnkKkqfTogsbg7gZNVY4sRDYZ/4=
github.com/rivo/uniseg v0.4.7 h1:WUdvkW8uEhrYfLC4ZzdpI2ztxP1I582+49Oc5Mq64VQ=
github.com/rivo/uniseg v0.4.7/go.mod h1:FN3SvrM+Zdj16jyLfmOkMNblXMcoc8DfTHruCPUcx88=
github.com/sasha-s/go-csync v0.0.0-20240107134140-fcbab37b09ad h1:qIQkSlF5vAUHxEmTbaqt1hkJ/t6skqEGYiMag343ucI=
github.com/sasha-s/go-csync v0.0.0-20240107134140-fcbab37b09ad/go.mod h1:/pA7k3zsXKdjjAiUhB5CjuKib9KJGCaLvZwtxGC8U0s=
github.com/stretchr/testify v1.10.0 h1:Xv5erBjTwe/5IxqUQTdXv5kgmIvbHo3QQyRwhJsOfJA=
github.com/stretchr/testify v1.10.0/go.mod h1:r2ic/lqez/lEtzL7wO/rwa5dbSLXVDPFyf8C91i36aY=
github.com/xo/terminfo v0.0.0-20220910002029-abceb7e1c41e h1:JVG44RsyaB9T2KIHavMF/ppJZNG9ZpyihvCd0w101no=
github.com/xo/terminfo v0.0.0-20220910002029-abceb7e1c41e/go.mod h1:RbqR21r5mrJuqunuUZ/Dhy/avygyECGrLceyNeo4LiM=
golang.org/x/crypto v0.44.0 h1:A97SsFvM3AIwEEmTBiaxPPTYpDC47w720rdiiUvgoAU=
golang.org/x/crypto v0.44.0/go.mod h1:013i+Nw79BMiQiMsOPcVCB5ZIJbYkerPrGnOa00tvmc=
golang.org/x/exp v0.0.0-20251113190631-e25ba8c21ef6 h1:zfMcR1Cs4KNuomFFgGefv5N0czO2XZpUbxGUy8i8ug0=
golang.org/x/exp v0.0.0-20251113190631-e25ba8c21ef6/go.mod h1:46edojNIoXTNOhySWIWdix628clX9ODXwPsQuG6hsK0=
golang.org/x/sys v0.6.0/go.mod h1:oPkhp1MJrh7nUepCBck5+mAzfO9JrbApNNgaTdGDITg=
golang.org/x/sys v0.38.0 h1:3yZWxaJjBmCWXqhN1qh02AkOnCQ1poK6oF+a7xWL6Gc=
golang.org/x/sys v0.38.0/go.mod h1:OgkHotnGiDImocRcuBABYBEXf8A9a87e/uXjp9XT3ks=
gopkg.in/yaml.v3 v3.0.1 h1:fxVm/GzAzEWqLHuvctI91KS9hhNmmWOoWu0XTYJS7CA=
gopkg.in/yaml.v3 v3.0.1/go.mod h1:K4uyk7z7BCEPqu6E+C64Yfv1cQ7kz7rIZviUmN+EgEM=
